
Microsoft Visual Studio Solution File, Format Version 12.00
# Visual Studio 2013
VisualStudioVersion = 12.0.30324.0
MinimumVisualStudioVersion = 10.0.40219.1
Project("{2150E333-8FDC-42A3-9474-1A3956D46DE8}") = "Tests", "Tests", "{3BF95B97-E200-4FEB-A341-C411BDA7489F}"
EndProject
Project("{FAE04EC0-301F-11D3-BF4B-00C04F79EFBC}") = "Avgangsalarm.Core.Tests", "Avgangsalarm.Core.Tests\Avgangsalarm.Core.Tests.csproj", "{BA4A5CDF-723A-4278-A299-FB4FC608874E}"
EndProject
Project("{2150E333-8FDC-42A3-9474-1A3956D46DE8}") = "Solution Items", "Solution Items", "{B1C343C2-5A43-48C3-B0AC-8AB7BB4BB065}"
	ProjectSection(SolutionItems) = preProject
		.gitignore = .gitignore
	EndProjectSection
EndProject
Project("{FAE04EC0-301F-11D3-BF4B-00C04F79EFBC}") = "Avgangsalarm.Core", "Avgangsalarm.Core\Avgangsalarm.Core.csproj", "{2941C4B3-6418-424A-916B-305636C5FFF0}"
EndProject
Project("{FAE04EC0-301F-11D3-BF4B-00C04F79EFBC}") = "Avgangsalarm.WP8", "Avgangsalarm.WP8\Avgangsalarm.WP8.csproj", "{A7696EC0-971B-4345-90DE-22BF34651898}"
EndProject
Project("{FAE04EC0-301F-11D3-BF4B-00C04F79EFBC}") = "Avgangsalarm.WP81", "Avgangsalarm.WP81\Avgangsalarm.WP81.csproj", "{36876B63-A247-4722-BD30-2E5D89270D21}"
EndProject
Global
	GlobalSection(SolutionConfigurationPlatforms) = preSolution
		Ad-Hoc|Any CPU = Ad-Hoc|Any CPU
		Ad-Hoc|ARM = Ad-Hoc|ARM
		Ad-Hoc|iPhone = Ad-Hoc|iPhone
		Ad-Hoc|iPhoneSimulator = Ad-Hoc|iPhoneSimulator
		Ad-Hoc|x86 = Ad-Hoc|x86
		AppStore|Any CPU = AppStore|Any CPU
		AppStore|ARM = AppStore|ARM
		AppStore|iPhone = AppStore|iPhone
		AppStore|iPhoneSimulator = AppStore|iPhoneSimulator
		AppStore|x86 = AppStore|x86
		Debug|Any CPU = Debug|Any CPU
		Debug|ARM = Debug|ARM
		Debug|iPhone = Debug|iPhone
		Debug|iPhoneSimulator = Debug|iPhoneSimulator
		Debug|x86 = Debug|x86
		Default|Any CPU = Default|Any CPU
		Default|ARM = Default|ARM
		Default|iPhone = Default|iPhone
		Default|iPhoneSimulator = Default|iPhoneSimulator
		Default|x86 = Default|x86
		Release|Any CPU = Release|Any CPU
		Release|ARM = Release|ARM
		Release|iPhone = Release|iPhone
		Release|iPhoneSimulator = Release|iPhoneSimulator
		Release|x86 = Release|x86
	EndGlobalSection
	GlobalSection(ProjectConfigurationPlatforms) = postSolution
		{BA4A5CDF-723A-4278-A299-FB4FC608874E}.Ad-Hoc|Any CPU.ActiveCfg = Debug|Any CPU
		{BA4A5CDF-723A-4278-A299-FB4FC608874E}.Ad-Hoc|Any CPU.Build.0 = Debug|Any CPU
		{BA4A5CDF-723A-4278-A299-FB4FC608874E}.Ad-Hoc|ARM.ActiveCfg = Debug|Any CPU
		{BA4A5CDF-723A-4278-A299-FB4FC608874E}.Ad-Hoc|iPhone.ActiveCfg = Release|Any CPU
		{BA4A5CDF-723A-4278-A299-FB4FC608874E}.Ad-Hoc|iPhone.Build.0 = Release|Any CPU
		{BA4A5CDF-723A-4278-A299-FB4FC608874E}.Ad-Hoc|iPhoneSimulator.ActiveCfg = Debug|Any CPU
		{BA4A5CDF-723A-4278-A299-FB4FC608874E}.Ad-Hoc|x86.ActiveCfg = Debug|Any CPU
		{BA4A5CDF-723A-4278-A299-FB4FC608874E}.AppStore|Any CPU.ActiveCfg = Debug|Any CPU
		{BA4A5CDF-723A-4278-A299-FB4FC608874E}.AppStore|Any CPU.Build.0 = Debug|Any CPU
		{BA4A5CDF-723A-4278-A299-FB4FC608874E}.AppStore|ARM.ActiveCfg = Debug|Any CPU
		{BA4A5CDF-723A-4278-A299-FB4FC608874E}.AppStore|iPhone.ActiveCfg = Release|Any CPU
		{BA4A5CDF-723A-4278-A299-FB4FC608874E}.AppStore|iPhone.Build.0 = Release|Any CPU
		{BA4A5CDF-723A-4278-A299-FB4FC608874E}.AppStore|iPhoneSimulator.ActiveCfg = Debug|Any CPU
		{BA4A5CDF-723A-4278-A299-FB4FC608874E}.AppStore|x86.ActiveCfg = Debug|Any CPU
		{BA4A5CDF-723A-4278-A299-FB4FC608874E}.Debug|Any CPU.ActiveCfg = Debug|Any CPU
		{BA4A5CDF-723A-4278-A299-FB4FC608874E}.Debug|Any CPU.Build.0 = Debug|Any CPU
		{BA4A5CDF-723A-4278-A299-FB4FC608874E}.Debug|ARM.ActiveCfg = Debug|Any CPU
		{BA4A5CDF-723A-4278-A299-FB4FC608874E}.Debug|iPhone.ActiveCfg = Debug|Any CPU
		{BA4A5CDF-723A-4278-A299-FB4FC608874E}.Debug|iPhone.Build.0 = Debug|Any CPU
		{BA4A5CDF-723A-4278-A299-FB4FC608874E}.Debug|iPhoneSimulator.ActiveCfg = Debug|Any CPU
		{BA4A5CDF-723A-4278-A299-FB4FC608874E}.Debug|iPhoneSimulator.Build.0 = Debug|Any CPU
		{BA4A5CDF-723A-4278-A299-FB4FC608874E}.Debug|x86.ActiveCfg = Debug|Any CPU
		{BA4A5CDF-723A-4278-A299-FB4FC608874E}.Default|Any CPU.ActiveCfg = Debug|Any CPU
		{BA4A5CDF-723A-4278-A299-FB4FC608874E}.Default|Any CPU.Build.0 = Debug|Any CPU
		{BA4A5CDF-723A-4278-A299-FB4FC608874E}.Default|ARM.ActiveCfg = Debug|Any CPU
		{BA4A5CDF-723A-4278-A299-FB4FC608874E}.Default|iPhone.ActiveCfg = Debug|Any CPU
		{BA4A5CDF-723A-4278-A299-FB4FC608874E}.Default|iPhoneSimulator.ActiveCfg = Debug|Any CPU
		{BA4A5CDF-723A-4278-A299-FB4FC608874E}.Default|x86.ActiveCfg = Debug|Any CPU
		{BA4A5CDF-723A-4278-A299-FB4FC608874E}.Release|Any CPU.ActiveCfg = Release|Any CPU
		{BA4A5CDF-723A-4278-A299-FB4FC608874E}.Release|Any CPU.Build.0 = Release|Any CPU
		{BA4A5CDF-723A-4278-A299-FB4FC608874E}.Release|ARM.ActiveCfg = Release|Any CPU
		{BA4A5CDF-723A-4278-A299-FB4FC608874E}.Release|iPhone.ActiveCfg = Release|Any CPU
		{BA4A5CDF-723A-4278-A299-FB4FC608874E}.Release|iPhone.Build.0 = Release|Any CPU
		{BA4A5CDF-723A-4278-A299-FB4FC608874E}.Release|iPhoneSimulator.ActiveCfg = Release|Any CPU
		{BA4A5CDF-723A-4278-A299-FB4FC608874E}.Release|iPhoneSimulator.Build.0 = Release|Any CPU
		{BA4A5CDF-723A-4278-A299-FB4FC608874E}.Release|x86.ActiveCfg = Release|Any CPU
		{2941C4B3-6418-424A-916B-305636C5FFF0}.Ad-Hoc|Any CPU.ActiveCfg = Debug|Any CPU
		{2941C4B3-6418-424A-916B-305636C5FFF0}.Ad-Hoc|Any CPU.Build.0 = Debug|Any CPU
		{2941C4B3-6418-424A-916B-305636C5FFF0}.Ad-Hoc|ARM.ActiveCfg = Debug|Any CPU
		{2941C4B3-6418-424A-916B-305636C5FFF0}.Ad-Hoc|iPhone.ActiveCfg = Release|Any CPU
		{2941C4B3-6418-424A-916B-305636C5FFF0}.Ad-Hoc|iPhone.Build.0 = Release|Any CPU
		{2941C4B3-6418-424A-916B-305636C5FFF0}.Ad-Hoc|iPhoneSimulator.ActiveCfg = Debug|Any CPU
		{2941C4B3-6418-424A-916B-305636C5FFF0}.Ad-Hoc|x86.ActiveCfg = Debug|Any CPU
		{2941C4B3-6418-424A-916B-305636C5FFF0}.AppStore|Any CPU.ActiveCfg = Debug|Any CPU
		{2941C4B3-6418-424A-916B-305636C5FFF0}.AppStore|Any CPU.Build.0 = Debug|Any CPU
		{2941C4B3-6418-424A-916B-305636C5FFF0}.AppStore|ARM.ActiveCfg = Debug|Any CPU
		{2941C4B3-6418-424A-916B-305636C5FFF0}.AppStore|iPhone.ActiveCfg = Release|Any CPU
		{2941C4B3-6418-424A-916B-305636C5FFF0}.AppStore|iPhone.Build.0 = Release|Any CPU
		{2941C4B3-6418-424A-916B-305636C5FFF0}.AppStore|iPhoneSimulator.ActiveCfg = Debug|Any CPU
		{2941C4B3-6418-424A-916B-305636C5FFF0}.AppStore|x86.ActiveCfg = Debug|Any CPU
		{2941C4B3-6418-424A-916B-305636C5FFF0}.Debug|Any CPU.ActiveCfg = Debug|Any CPU
		{2941C4B3-6418-424A-916B-305636C5FFF0}.Debug|Any CPU.Build.0 = Debug|Any CPU
		{2941C4B3-6418-424A-916B-305636C5FFF0}.Debug|ARM.ActiveCfg = Debug|Any CPU
		{2941C4B3-6418-424A-916B-305636C5FFF0}.Debug|iPhone.ActiveCfg = Debug|Any CPU
		{2941C4B3-6418-424A-916B-305636C5FFF0}.Debug|iPhone.Build.0 = Debug|Any CPU
		{2941C4B3-6418-424A-916B-305636C5FFF0}.Debug|iPhoneSimulator.ActiveCfg = Debug|Any CPU
		{2941C4B3-6418-424A-916B-305636C5FFF0}.Debug|iPhoneSimulator.Build.0 = Debug|Any CPU
		{2941C4B3-6418-424A-916B-305636C5FFF0}.Debug|x86.ActiveCfg = Debug|Any CPU
		{2941C4B3-6418-424A-916B-305636C5FFF0}.Default|Any CPU.ActiveCfg = Debug|Any CPU
		{2941C4B3-6418-424A-916B-305636C5FFF0}.Default|Any CPU.Build.0 = Debug|Any CPU
		{2941C4B3-6418-424A-916B-305636C5FFF0}.Default|ARM.ActiveCfg = Debug|Any CPU
		{2941C4B3-6418-424A-916B-305636C5FFF0}.Default|iPhone.ActiveCfg = Debug|Any CPU
		{2941C4B3-6418-424A-916B-305636C5FFF0}.Default|iPhoneSimulator.ActiveCfg = Debug|Any CPU
		{2941C4B3-6418-424A-916B-305636C5FFF0}.Default|x86.ActiveCfg = Debug|Any CPU
		{2941C4B3-6418-424A-916B-305636C5FFF0}.Release|Any CPU.ActiveCfg = Release|Any CPU
		{2941C4B3-6418-424A-916B-305636C5FFF0}.Release|Any CPU.Build.0 = Release|Any CPU
		{2941C4B3-6418-424A-916B-305636C5FFF0}.Release|ARM.ActiveCfg = Release|Any CPU
		{2941C4B3-6418-424A-916B-305636C5FFF0}.Release|iPhone.ActiveCfg = Release|Any CPU
		{2941C4B3-6418-424A-916B-305636C5FFF0}.Release|iPhone.Build.0 = Release|Any CPU
		{2941C4B3-6418-424A-916B-305636C5FFF0}.Release|iPhoneSimulator.ActiveCfg = Release|Any CPU
		{2941C4B3-6418-424A-916B-305636C5FFF0}.Release|iPhoneSimulator.Build.0 = Release|Any CPU
		{2941C4B3-6418-424A-916B-305636C5FFF0}.Release|x86.ActiveCfg = Release|Any CPU
		{A7696EC0-971B-4345-90DE-22BF34651898}.Ad-Hoc|Any CPU.ActiveCfg = Release|Any CPU
		{A7696EC0-971B-4345-90DE-22BF34651898}.Ad-Hoc|Any CPU.Build.0 = Release|Any CPU
		{A7696EC0-971B-4345-90DE-22BF34651898}.Ad-Hoc|Any CPU.Deploy.0 = Release|Any CPU
		{A7696EC0-971B-4345-90DE-22BF34651898}.Ad-Hoc|ARM.ActiveCfg = Release|ARM
		{A7696EC0-971B-4345-90DE-22BF34651898}.Ad-Hoc|ARM.Build.0 = Release|ARM
		{A7696EC0-971B-4345-90DE-22BF34651898}.Ad-Hoc|ARM.Deploy.0 = Release|ARM
		{A7696EC0-971B-4345-90DE-22BF34651898}.Ad-Hoc|iPhone.ActiveCfg = Release|Any CPU
		{A7696EC0-971B-4345-90DE-22BF34651898}.Ad-Hoc|iPhoneSimulator.ActiveCfg = Release|Any CPU
		{A7696EC0-971B-4345-90DE-22BF34651898}.Ad-Hoc|x86.ActiveCfg = Release|x86
		{A7696EC0-971B-4345-90DE-22BF34651898}.Ad-Hoc|x86.Build.0 = Release|x86
		{A7696EC0-971B-4345-90DE-22BF34651898}.Ad-Hoc|x86.Deploy.0 = Release|x86
		{A7696EC0-971B-4345-90DE-22BF34651898}.AppStore|Any CPU.ActiveCfg = Release|Any CPU
		{A7696EC0-971B-4345-90DE-22BF34651898}.AppStore|Any CPU.Build.0 = Release|Any CPU
		{A7696EC0-971B-4345-90DE-22BF34651898}.AppStore|Any CPU.Deploy.0 = Release|Any CPU
		{A7696EC0-971B-4345-90DE-22BF34651898}.AppStore|ARM.ActiveCfg = Release|ARM
		{A7696EC0-971B-4345-90DE-22BF34651898}.AppStore|ARM.Build.0 = Release|ARM
		{A7696EC0-971B-4345-90DE-22BF34651898}.AppStore|ARM.Deploy.0 = Release|ARM
		{A7696EC0-971B-4345-90DE-22BF34651898}.AppStore|iPhone.ActiveCfg = Release|Any CPU
		{A7696EC0-971B-4345-90DE-22BF34651898}.AppStore|iPhoneSimulator.ActiveCfg = Release|Any CPU
		{A7696EC0-971B-4345-90DE-22BF34651898}.AppStore|x86.ActiveCfg = Release|x86
		{A7696EC0-971B-4345-90DE-22BF34651898}.AppStore|x86.Build.0 = Release|x86
		{A7696EC0-971B-4345-90DE-22BF34651898}.AppStore|x86.Deploy.0 = Release|x86
		{A7696EC0-971B-4345-90DE-22BF34651898}.Debug|Any CPU.ActiveCfg = Debug|Any CPU
		{A7696EC0-971B-4345-90DE-22BF34651898}.Debug|Any CPU.Build.0 = Debug|Any CPU
		{A7696EC0-971B-4345-90DE-22BF34651898}.Debug|Any CPU.Deploy.0 = Debug|Any CPU
		{A7696EC0-971B-4345-90DE-22BF34651898}.Debug|ARM.ActiveCfg = Debug|ARM
		{A7696EC0-971B-4345-90DE-22BF34651898}.Debug|ARM.Build.0 = Debug|ARM
		{A7696EC0-971B-4345-90DE-22BF34651898}.Debug|ARM.Deploy.0 = Debug|ARM
		{A7696EC0-971B-4345-90DE-22BF34651898}.Debug|iPhone.ActiveCfg = Debug|Any CPU
		{A7696EC0-971B-4345-90DE-22BF34651898}.Debug|iPhoneSimulator.ActiveCfg = Debug|Any CPU
		{A7696EC0-971B-4345-90DE-22BF34651898}.Debug|x86.ActiveCfg = Debug|x86
		{A7696EC0-971B-4345-90DE-22BF34651898}.Debug|x86.Build.0 = Debug|x86
		{A7696EC0-971B-4345-90DE-22BF34651898}.Debug|x86.Deploy.0 = Debug|x86
		{A7696EC0-971B-4345-90DE-22BF34651898}.Default|Any CPU.ActiveCfg = Debug|Any CPU
		{A7696EC0-971B-4345-90DE-22BF34651898}.Default|Any CPU.Build.0 = Debug|Any CPU
		{A7696EC0-971B-4345-90DE-22BF34651898}.Default|Any CPU.Deploy.0 = Debug|Any CPU
		{A7696EC0-971B-4345-90DE-22BF34651898}.Default|ARM.ActiveCfg = Debug|ARM
		{A7696EC0-971B-4345-90DE-22BF34651898}.Default|ARM.Build.0 = Debug|ARM
		{A7696EC0-971B-4345-90DE-22BF34651898}.Default|ARM.Deploy.0 = Debug|ARM
		{A7696EC0-971B-4345-90DE-22BF34651898}.Default|iPhone.ActiveCfg = Debug|Any CPU
		{A7696EC0-971B-4345-90DE-22BF34651898}.Default|iPhoneSimulator.ActiveCfg = Debug|Any CPU
		{A7696EC0-971B-4345-90DE-22BF34651898}.Default|x86.ActiveCfg = Debug|x86
		{A7696EC0-971B-4345-90DE-22BF34651898}.Default|x86.Build.0 = Debug|x86
		{A7696EC0-971B-4345-90DE-22BF34651898}.Default|x86.Deploy.0 = Debug|x86
		{A7696EC0-971B-4345-90DE-22BF34651898}.Release|Any CPU.ActiveCfg = Release|Any CPU
		{A7696EC0-971B-4345-90DE-22BF34651898}.Release|Any CPU.Build.0 = Release|Any CPU
		{A7696EC0-971B-4345-90DE-22BF34651898}.Release|Any CPU.Deploy.0 = Release|Any CPU
		{A7696EC0-971B-4345-90DE-22BF34651898}.Release|ARM.ActiveCfg = Release|ARM
		{A7696EC0-971B-4345-90DE-22BF34651898}.Release|ARM.Build.0 = Release|ARM
		{A7696EC0-971B-4345-90DE-22BF34651898}.Release|ARM.Deploy.0 = Release|ARM
		{A7696EC0-971B-4345-90DE-22BF34651898}.Release|iPhone.ActiveCfg = Release|Any CPU
		{A7696EC0-971B-4345-90DE-22BF34651898}.Release|iPhoneSimulator.ActiveCfg = Release|Any CPU
		{A7696EC0-971B-4345-90DE-22BF34651898}.Release|x86.ActiveCfg = Release|x86
		{A7696EC0-971B-4345-90DE-22BF34651898}.Release|x86.Build.0 = Release|x86
		{A7696EC0-971B-4345-90DE-22BF34651898}.Release|x86.Deploy.0 = Release|x86
		{36876B63-A247-4722-BD30-2E5D89270D21}.Ad-Hoc|Any CPU.ActiveCfg = Release|Any CPU
		{36876B63-A247-4722-BD30-2E5D89270D21}.Ad-Hoc|Any CPU.Build.0 = Release|Any CPU
		{36876B63-A247-4722-BD30-2E5D89270D21}.Ad-Hoc|Any CPU.Deploy.0 = Release|Any CPU
		{36876B63-A247-4722-BD30-2E5D89270D21}.Ad-Hoc|ARM.ActiveCfg = Release|ARM
		{36876B63-A247-4722-BD30-2E5D89270D21}.Ad-Hoc|ARM.Build.0 = Release|ARM
		{36876B63-A247-4722-BD30-2E5D89270D21}.Ad-Hoc|ARM.Deploy.0 = Release|ARM
		{36876B63-A247-4722-BD30-2E5D89270D21}.Ad-Hoc|iPhone.ActiveCfg = Release|Any CPU
		{36876B63-A247-4722-BD30-2E5D89270D21}.Ad-Hoc|iPhoneSimulator.ActiveCfg = Release|Any CPU
		{36876B63-A247-4722-BD30-2E5D89270D21}.Ad-Hoc|x86.ActiveCfg = Release|x86
		{36876B63-A247-4722-BD30-2E5D89270D21}.Ad-Hoc|x86.Build.0 = Release|x86
		{36876B63-A247-4722-BD30-2E5D89270D21}.Ad-Hoc|x86.Deploy.0 = Release|x86
		{36876B63-A247-4722-BD30-2E5D89270D21}.AppStore|Any CPU.ActiveCfg = Release|Any CPU
		{36876B63-A247-4722-BD30-2E5D89270D21}.AppStore|Any CPU.Build.0 = Release|Any CPU
		{36876B63-A247-4722-BD30-2E5D89270D21}.AppStore|Any CPU.Deploy.0 = Release|Any CPU
		{36876B63-A247-4722-BD30-2E5D89270D21}.AppStore|ARM.ActiveCfg = Release|ARM
		{36876B63-A247-4722-BD30-2E5D89270D21}.AppStore|ARM.Build.0 = Release|ARM
		{36876B63-A247-4722-BD30-2E5D89270D21}.AppStore|ARM.Deploy.0 = Release|ARM
		{36876B63-A247-4722-BD30-2E5D89270D21}.AppStore|iPhone.ActiveCfg = Release|Any CPU
		{36876B63-A247-4722-BD30-2E5D89270D21}.AppStore|iPhoneSimulator.ActiveCfg = Release|Any CPU
		{36876B63-A247-4722-BD30-2E5D89270D21}.AppStore|x86.ActiveCfg = Release|x86
		{36876B63-A247-4722-BD30-2E5D89270D21}.AppStore|x86.Build.0 = Release|x86
		{36876B63-A247-4722-BD30-2E5D89270D21}.AppStore|x86.Deploy.0 = Release|x86
		{36876B63-A247-4722-BD30-2E5D89270D21}.Debug|Any CPU.ActiveCfg = Debug|Any CPU
		{36876B63-A247-4722-BD30-2E5D89270D21}.Debug|Any CPU.Build.0 = Debug|Any CPU
		{36876B63-A247-4722-BD30-2E5D89270D21}.Debug|Any CPU.Deploy.0 = Debug|Any CPU
		{36876B63-A247-4722-BD30-2E5D89270D21}.Debug|ARM.ActiveCfg = Debug|ARM
		{36876B63-A247-4722-BD30-2E5D89270D21}.Debug|ARM.Build.0 = Debug|ARM
		{36876B63-A247-4722-BD30-2E5D89270D21}.Debug|ARM.Deploy.0 = Debug|ARM
		{36876B63-A247-4722-BD30-2E5D89270D21}.Debug|iPhone.ActiveCfg = Debug|Any CPU
		{36876B63-A247-4722-BD30-2E5D89270D21}.Debug|iPhoneSimulator.ActiveCfg = Debug|Any CPU
		{36876B63-A247-4722-BD30-2E5D89270D21}.Debug|x86.ActiveCfg = Debug|x86
		{36876B63-A247-4722-BD30-2E5D89270D21}.Debug|x86.Build.0 = Debug|x86
		{36876B63-A247-4722-BD30-2E5D89270D21}.Debug|x86.Deploy.0 = Debug|x86
		{36876B63-A247-4722-BD30-2E5D89270D21}.Default|Any CPU.ActiveCfg = Debug|Any CPU
		{36876B63-A247-4722-BD30-2E5D89270D21}.Default|Any CPU.Build.0 = Debug|Any CPU
		{36876B63-A247-4722-BD30-2E5D89270D21}.Default|Any CPU.Deploy.0 = Debug|Any CPU
		{36876B63-A247-4722-BD30-2E5D89270D21}.Default|ARM.ActiveCfg = Debug|ARM
		{36876B63-A247-4722-BD30-2E5D89270D21}.Default|ARM.Build.0 = Debug|ARM
		{36876B63-A247-4722-BD30-2E5D89270D21}.Default|ARM.Deploy.0 = Debug|ARM
		{36876B63-A247-4722-BD30-2E5D89270D21}.Default|iPhone.ActiveCfg = Debug|Any CPU
		{36876B63-A247-4722-BD30-2E5D89270D21}.Default|iPhoneSimulator.ActiveCfg = Debug|Any CPU
		{36876B63-A247-4722-BD30-2E5D89270D21}.Default|x86.ActiveCfg = Debug|x86
		{36876B63-A247-4722-BD30-2E5D89270D21}.Default|x86.Build.0 = Debug|x86
		{36876B63-A247-4722-BD30-2E5D89270D21}.Default|x86.Deploy.0 = Debug|x86
		{36876B63-A247-4722-BD30-2E5D89270D21}.Release|Any CPU.ActiveCfg = Release|Any CPU
		{36876B63-A247-4722-BD30-2E5D89270D21}.Release|Any CPU.Build.0 = Release|Any CPU
		{36876B63-A247-4722-BD30-2E5D89270D21}.Release|Any CPU.Deploy.0 = Release|Any CPU
		{36876B63-A247-4722-BD30-2E5D89270D21}.Release|ARM.ActiveCfg = Release|ARM
		{36876B63-A247-4722-BD30-2E5D89270D21}.Release|ARM.Build.0 = Release|ARM
		{36876B63-A247-4722-BD30-2E5D89270D21}.Release|ARM.Deploy.0 = Release|ARM
		{36876B63-A247-4722-BD30-2E5D89270D21}.Release|iPhone.ActiveCfg = Release|Any CPU
		{36876B63-A247-4722-BD30-2E5D89270D21}.Release|iPhoneSimulator.ActiveCfg = Release|Any CPU
		{36876B63-A247-4722-BD30-2E5D89270D21}.Release|x86.ActiveCfg = Release|x86
		{36876B63-A247-4722-BD30-2E5D89270D21}.Release|x86.Build.0 = Release|x86
		{36876B63-A247-4722-BD30-2E5D89270D21}.Release|x86.Deploy.0 = Release|x86
	EndGlobalSection
	GlobalSection(SolutionProperties) = preSolution
		HideSolutionNode = FALSE
	EndGlobalSection
	GlobalSection(NestedProjects) = preSolution
		{BA4A5CDF-723A-4278-A299-FB4FC608874E} = {3BF95B97-E200-4FEB-A341-C411BDA7489F}
	EndGlobalSection
	GlobalSection(MonoDevelopProperties) = preSolution
		StartupItem = Avgangsalarm.iOS\Avgangsalarm.iOS.csproj
	EndGlobalSection
EndGlobal
